
Microsoft Visual Studio Solution File, Format Version 12.00
# Visual Studio 15
VisualStudioVersion = 15.0.27130.2010
MinimumVisualStudioVersion = 10.0.40219.1
Project("{FAE04EC0-301F-11D3-BF4B-00C04F79EFBC}") = "FauFau.Core", "FauFau.Core\FauFau.Core.csproj", "{9D112917-D8CA-48EF-A0A6-6A594DEBB000}"
EndProject
Global
	GlobalSection(SolutionConfigurationPlatforms) = preSolution
		Debug|Any CPU = Debug|Any CPU
		Release|Any CPU = Release|Any CPU
	EndGlobalSection
	GlobalSection(ProjectConfigurationPlatforms) = postSolution
		{9D112917-D8CA-48EF-A0A6-6A594DEBB000}.Debug|Any CPU.ActiveCfg = Debug|Any CPU
		{9D112917-D8CA-48EF-A0A6-6A594DEBB000}.Debug|Any CPU.Build.0 = Debug|Any CPU
		{9D112917-D8CA-48EF-A0A6-6A594DEBB000}.Release|Any CPU.ActiveCfg = Release|Any CPU
		{9D112917-D8CA-48EF-A0A6-6A594DEBB000}.Release|Any CPU.Build.0 = Release|Any CPU
	EndGlobalSection
	GlobalSection(SolutionProperties) = preSolution
		HideSolutionNode = FALSE
	EndGlobalSection
	GlobalSection(ExtensibilityGlobals) = postSolution
		SolutionGuid = {5BD4E60F-D950-45F7-88D1-241ADF6183DC}
	EndGlobalSection
EndGlobal
