
Microsoft Visual Studio Solution File, Format Version 12.00
# Visual Studio 15
VisualStudioVersion = 15.0.27428.2027
MinimumVisualStudioVersion = 10.0.40219.1
Project("{FAE04EC0-301F-11D3-BF4B-00C04F79EFBC}") = "SDBrowser", "SDBrowser\SDBrowser.csproj", "{B5971148-18CE-428F-B1B9-4971E4E12CF1}"
EndProject
Project("{9A19103F-16F7-4668-BE54-9A1E7A4F7556}") = "FauFau", "SDBrowser\Lib\FauFau\FauFau\FauFau.csproj", "{00ED8F40-36BA-4512-8B4E-556413E506F2}"
EndProject
Project("{9A19103F-16F7-4668-BE54-9A1E7A4F7556}") = "Bitter", "SDBrowser\Lib\FauFau\FauFau\Lib\Bitter\Bitter\Bitter.csproj", "{D2332779-EAE1-4DAD-8C6B-62C458F52663}"
EndProject
Global
	GlobalSection(SolutionConfigurationPlatforms) = preSolution
		Debug|Any CPU = Debug|Any CPU
		Debug|x64 = Debug|x64
		Debug|x86 = Debug|x86
		Release|Any CPU = Release|Any CPU
		Release|x64 = Release|x64
		Release|x86 = Release|x86
	EndGlobalSection
	GlobalSection(ProjectConfigurationPlatforms) = postSolution
		{B5971148-18CE-428F-B1B9-4971E4E12CF1}.Debug|Any CPU.ActiveCfg = Debug|Any CPU
		{B5971148-18CE-428F-B1B9-4971E4E12CF1}.Debug|Any CPU.Build.0 = Debug|Any CPU
		{B5971148-18CE-428F-B1B9-4971E4E12CF1}.Debug|x64.ActiveCfg = Debug|x64
		{B5971148-18CE-428F-B1B9-4971E4E12CF1}.Debug|x64.Build.0 = Debug|x64
		{B5971148-18CE-428F-B1B9-4971E4E12CF1}.Debug|x86.ActiveCfg = Debug|Any CPU
		{B5971148-18CE-428F-B1B9-4971E4E12CF1}.Debug|x86.Build.0 = Debug|Any CPU
		{B5971148-18CE-428F-B1B9-4971E4E12CF1}.Release|Any CPU.ActiveCfg = Release|Any CPU
		{B5971148-18CE-428F-B1B9-4971E4E12CF1}.Release|Any CPU.Build.0 = Release|Any CPU
		{B5971148-18CE-428F-B1B9-4971E4E12CF1}.Release|x64.ActiveCfg = Release|x64
		{B5971148-18CE-428F-B1B9-4971E4E12CF1}.Release|x64.Build.0 = Release|x64
		{B5971148-18CE-428F-B1B9-4971E4E12CF1}.Release|x86.ActiveCfg = Release|Any CPU
		{B5971148-18CE-428F-B1B9-4971E4E12CF1}.Release|x86.Build.0 = Release|Any CPU
		{00ED8F40-36BA-4512-8B4E-556413E506F2}.Debug|Any CPU.ActiveCfg = Debug|Any CPU
		{00ED8F40-36BA-4512-8B4E-556413E506F2}.Debug|Any CPU.Build.0 = Debug|Any CPU
		{00ED8F40-36BA-4512-8B4E-556413E506F2}.Debug|x64.ActiveCfg = Debug|x64
		{00ED8F40-36BA-4512-8B4E-556413E506F2}.Debug|x64.Build.0 = Debug|x64
		{00ED8F40-36BA-4512-8B4E-556413E506F2}.Debug|x86.ActiveCfg = Debug|x86
		{00ED8F40-36BA-4512-8B4E-556413E506F2}.Debug|x86.Build.0 = Debug|x86
		{00ED8F40-36BA-4512-8B4E-556413E506F2}.Release|Any CPU.ActiveCfg = Release|Any CPU
		{00ED8F40-36BA-4512-8B4E-556413E506F2}.Release|Any CPU.Build.0 = Release|Any CPU
		{00ED8F40-36BA-4512-8B4E-556413E506F2}.Release|x64.ActiveCfg = Release|x64
		{00ED8F40-36BA-4512-8B4E-556413E506F2}.Release|x64.Build.0 = Release|x64
		{00ED8F40-36BA-4512-8B4E-556413E506F2}.Release|x86.ActiveCfg = Release|x86
		{00ED8F40-36BA-4512-8B4E-556413E506F2}.Release|x86.Build.0 = Release|x86
		{D2332779-EAE1-4DAD-8C6B-62C458F52663}.Debug|Any CPU.ActiveCfg = Debug|Any CPU
		{D2332779-EAE1-4DAD-8C6B-62C458F52663}.Debug|Any CPU.Build.0 = Debug|Any CPU
		{D2332779-EAE1-4DAD-8C6B-62C458F52663}.Debug|x64.ActiveCfg = Debug|Any CPU
		{D2332779-EAE1-4DAD-8C6B-62C458F52663}.Debug|x64.Build.0 = Debug|Any CPU
		{D2332779-EAE1-4DAD-8C6B-62C458F52663}.Debug|x86.ActiveCfg = Debug|Any CPU
		{D2332779-EAE1-4DAD-8C6B-62C458F52663}.Debug|x86.Build.0 = Debug|Any CPU
		{D2332779-EAE1-4DAD-8C6B-62C458F52663}.Release|Any CPU.ActiveCfg = Release|Any CPU
		{D2332779-EAE1-4DAD-8C6B-62C458F52663}.Release|Any CPU.Build.0 = Release|Any CPU
		{D2332779-EAE1-4DAD-8C6B-62C458F52663}.Release|x64.ActiveCfg = Release|Any CPU
		{D2332779-EAE1-4DAD-8C6B-62C458F52663}.Release|x64.Build.0 = Release|Any CPU
		{D2332779-EAE1-4DAD-8C6B-62C458F52663}.Release|x86.ActiveCfg = Release|Any CPU
		{D2332779-EAE1-4DAD-8C6B-62C458F52663}.Release|x86.Build.0 = Release|Any CPU
	EndGlobalSection
	GlobalSection(SolutionProperties) = preSolution
		HideSolutionNode = FALSE
	EndGlobalSection
	GlobalSection(ExtensibilityGlobals) = postSolution
		SolutionGuid = {7889CE9E-7C66-4253-A3A7-56D05E05CAB5}
	EndGlobalSection
EndGlobal
